{
  "version": 4,
  "terraform_version": "0.12.6",
  "serial": 195,
  "lineage": "2c854534-2f56-aaab-4645-0f0548dcc4c8",
  "outputs": {
    "kubeone_api": {
      "value": {
        "endpoint": "demo-api-lb-8d1a930d28c8861b.elb.us-east-2.amazonaws.com"
      },
      "type": [
        "object",
        {
          "endpoint": "string"
        }
      ]
    },
    "kubeone_hosts": {
      "value": {
        "control_plane": {
          "cloud_provider": "aws",
          "cluster_name": "demo",
          "hostnames": [
            "ip-172-31-8-10.us-east-2.compute.internal",
            "ip-172-31-24-7.us-east-2.compute.internal",
            "ip-172-31-42-179.us-east-2.compute.internal"
          ],
          "private_address": [
            "172.31.8.10",
            "172.31.24.7",
            "172.31.42.179"
          ],
          "public_address": [
            "18.216.137.251",
            "18.216.89.172",
            "18.224.213.234"
          ],
          "ssh_agent_socket": "env:SSH_AUTH_SOCK",
          "ssh_port": 22,
          "ssh_private_key_file": "",
          "ssh_user": "ubuntu"
        }
      },
      "type": [
        "object",
        {
          "control_plane": [
            "object",
            {
              "cloud_provider": "string",
              "cluster_name": "string",
              "hostnames": [
                "tuple",
                [
                  "string",
                  "string",
                  "string"
                ]
              ],
              "private_address": [
                "tuple",
                [
                  "string",
                  "string",
                  "string"
                ]
              ],
              "public_address": [
                "tuple",
                [
                  "string",
                  "string",
                  "string"
                ]
              ],
              "ssh_agent_socket": "string",
              "ssh_port": "number",
              "ssh_private_key_file": "string",
              "ssh_user": "string"
            }
          ]
        }
      ]
    },
    "kubeone_workers": {
      "value": {
        "demo-pool1": {
          "providerSpec": {
            "cloudProviderSpec": {
              "ami": "ami-05c1fa8df71875112",
              "availabilityZone": "us-east-2a",
              "diskIops": 500,
              "diskSize": 50,
              "diskType": "gp2",
              "instanceProfile": "demo-host",
              "instanceType": "t3.medium",
              "region": "us-east-2",
              "securityGroupIDs": [
                "sg-02371f0dee42bea60"
              ],
              "subnetId": "subnet-858b9ded",
              "tags": {
                "demo-workers": "pool1"
              },
              "vpcId": "vpc-3f6a8454"
            },
            "operatingSystem": "ubuntu",
            "operatingSystemSpec": {
              "distUpgradeOnBoot": false
            },
            "sshPublicKeys": [
              "ssh-rsa AAAAB3NzaC1yc2EAAAADAQABAAACAQDhKqlsAEgLwp7B0gGGXQRB+Vs4SoCwiZ7cs1jvv2oeAG8l26RAjsMbJQOrzV1UMYcRj+os9sa2LLKs9H4DdANJVueYx6ZUc2BMTxJWUIYMsb5dVLCAx/2thQx3z9s9MUaZtLsz1Me3hXGSzmBA0Zbl8C3Rp3nGHJavyqMPHIx6CLK6HZdaVvREbLxlh4QwDED6pEcF5FgMz6mhJS92nrql1UfxnAS0X764kis5zF0pmkaTGOxzHzaw1ChbsKjpBxTm6Dub6Xoo0LFEVDcw+6mmGiDgbJfizbsLYM7kXkf3FbbJZ9mhaFPmguE7TB6mADIZXmZB6TOsjGXR998JiffKV0OOcezg8SUq37l5dp8iqqAplXWcwMAQd4GmP1z7O39rlohhJKmiODDFvCDnobMfDNP1HNbFM/ueLCbSWix0Fa9tNbbYfjO43SJfzepRCf2ArH/WIoZhOdEg+mgHUzdLHVc1cMamnzUSoBtT2VAKvC243IyHKbxUhTxA2Dvm2oFeDSY+UMRr6+9ktU5WLeRGnUCovt/w3zEFYP/VFjUQQUuEVkiebQ6pmm7lfsDICu7nSpHXZ/y5Xcw1JLsRB4YEFPt0JHbNhL5uSuNB3LKSetbQBQiz9VLt7qL0v9uK+7Pt255OOaGKPl7b+xcxLjRkhpX4TNOQhEeB6M8J5k0Mmw== batman@batcave"
            ]
          },
          "replicas": 1
        }
      },
      "type": [
        "object",
        {
          "demo-pool1": [
            "object",
            {
              "providerSpec": [
                "object",
                {
                  "cloudProviderSpec": [
                    "object",
                    {
                      "ami": "string",
                      "availabilityZone": "string",
                      "diskIops": "number",
                      "diskSize": "number",
                      "diskType": "string",
                      "instanceProfile": "string",
                      "instanceType": "string",
                      "region": "string",
                      "securityGroupIDs": [
                        "tuple",
                        [
                          "string"
                        ]
                      ],
                      "subnetId": "string",
                      "tags": [
                        "object",
                        {
                          "demo-workers": "string"
                        }
                      ],
                      "vpcId": "string"
                    }
                  ],
                  "operatingSystem": "string",
                  "operatingSystemSpec": [
                    "object",
                    {
                      "distUpgradeOnBoot": "bool"
                    }
                  ],
                  "sshPublicKeys": [
                    "tuple",
                    [
                      "string"
                    ]
                  ]
                }
              ],
              "replicas": "number"
            }
          ]
        }
      ]
    }
  },
  "resources": [
    {
      "mode": "managed",
      "type": "aws_default_vpc",
      "name": "default",
      "provider": "provider.aws",
      "instances": [
        {
          "schema_version": 1,
          "attributes": {
            "arn": "arn:aws:ec2:us-east-2:189613975676:vpc/vpc-3f6a8454",
            "assign_generated_ipv6_cidr_block": false,
            "cidr_block": "172.31.0.0/16",
            "default_network_acl_id": "acl-4976a322",
            "default_route_table_id": "rtb-b9b701d2",
            "default_security_group_id": "sg-40d42023",
            "dhcp_options_id": "dopt-90c201fb",
            "enable_classiclink": null,
            "enable_classiclink_dns_support": null,
            "enable_dns_hostnames": true,
            "enable_dns_support": true,
            "id": "vpc-3f6a8454",
            "instance_tenancy": "default",
            "ipv6_association_id": "",
            "ipv6_cidr_block": "",
            "main_route_table_id": "rtb-b9b701d2",
            "owner_id": "189613975676",
            "tags": {}
          },
          "private": "eyJzY2hlbWFfdmVyc2lvbiI6IjEifQ=="
        }
      ]
    },
    {
      "mode": "managed",
      "type": "aws_instance",
      "name": "control_plane",
      "each": "list",
      "provider": "provider.aws",
      "instances": []
    },
    {
      "mode": "managed",
      "type": "aws_lb_target_group_attachment",
      "name": "control_plane_api",
      "each": "list",
      "provider": "provider.aws",
      "instances": []
    },
    {
      "mode": "managed",
      "type": "aws_security_group",
      "name": "common",
      "provider": "provider.aws",
      "instances": [
        {
          "schema_version": 1,
          "attributes": {
            "arn": "arn:aws:ec2:us-east-2:189613975676:security-group/sg-02371f0dee42bea60",
            "description": "cluster common rules",
            "egress": [
              {
                "cidr_blocks": [
                  "0.0.0.0/0"
                ],
                "description": "",
                "from_port": 0,
                "ipv6_cidr_blocks": [],
                "prefix_list_ids": [],
                "protocol": "-1",
                "security_groups": [],
                "self": false,
                "to_port": 0
              }
            ],
            "id": "sg-02371f0dee42bea60",
            "ingress": [
              {
                "cidr_blocks": [
                  "0.0.0.0/0"
                ],
                "description": "",
                "from_port": 22,
                "ipv6_cidr_blocks": [],
                "prefix_list_ids": [],
                "protocol": "tcp",
                "security_groups": [],
                "self": false,
                "to_port": 22
              },
              {
                "cidr_blocks": [],
                "description": "",
                "from_port": 0,
                "ipv6_cidr_blocks": [],
                "prefix_list_ids": [],
                "protocol": "-1",
                "security_groups": [],
                "self": true,
                "to_port": 0
              }
            ],
            "name": "demo-common",
            "name_prefix": null,
            "owner_id": "189613975676",
            "revoke_rules_on_delete": false,
            "tags": {
              "kubernetes.io/cluster/demo": "shared"
            },
            "timeouts": null,
            "vpc_id": "vpc-3f6a8454"
          }
        }
      ]
    }
  ]
}
